<?xml version="1.0" encoding="utf-8"?>
<Project ToolsVersion="4.0" xmlns="http://schemas.microsoft.com/developer/msbuild/2003">
  <ItemGroup>
    <Filter Include="소스 파일">
      <UniqueIdentifier>{4FC737F1-C7A5-4376-A066-2A32D752A2FF}</UniqueIdentifier>
      <Extensions>cpp;c;cc;cxx;def;odl;idl;hpj;bat;asm;asmx</Extensions>
    </Filter>
    <Filter Include="헤더 파일">
      <UniqueIdentifier>{93995380-89BD-4b04-88EB-625FBE52EBFB}</UniqueIdentifier>
      <Extensions>h;hh;hpp;hxx;hm;inl;inc;ipp;xsd</Extensions>
    </Filter>
    <Filter Include="리소스 파일">
      <UniqueIdentifier>{67DA6AB6-F800-4c08-8B7A-83BB121AAD01}</UniqueIdentifier>
      <Extensions>rc;ico;cur;bmp;dlg;rc2;rct;bin;rgs;gif;jpg;jpeg;jpe;resx;tiff;tif;png;wav;mfcribbon-ms</Extensions>
    </Filter>
    <Filter Include="소스 파일\example">
      <UniqueIdentifier>{fed928b8-8dca-447d-a688-e5bbe5455901}</UniqueIdentifier>
    </Filter>
    <Filter Include="소스 파일\example\chatper2">
      <UniqueIdentifier>{29c2b1b1-ba0f-4f5d-bb29-d1b15a399f35}</UniqueIdentifier>
    </Filter>
    <Filter Include="소스 파일\example\chapter3">
      <UniqueIdentifier>{3e55339d-c995-4e95-b588-ad77805e3f36}</UniqueIdentifier>
    </Filter>
  </ItemGroup>
  <ItemGroup>
    <ClCompile Include="src\Actor.cpp">
      <Filter>소스 파일</Filter>
    </ClCompile>
    <ClCompile Include="src\AnimSpriteComponent.cpp">
      <Filter>소스 파일</Filter>
    </ClCompile>
    <ClCompile Include="src\BGSpriteComponent.cpp">
      <Filter>소스 파일</Filter>
    </ClCompile>
    <ClCompile Include="src\Component.cpp">
      <Filter>소스 파일</Filter>
    </ClCompile>
    <ClCompile Include="src\Game.cpp">
      <Filter>소스 파일</Filter>
    </ClCompile>
    <ClCompile Include="src\InputComponent.cpp">
      <Filter>소스 파일</Filter>
    </ClCompile>
    <ClCompile Include="src\main.cpp">
      <Filter>소스 파일</Filter>
    </ClCompile>
    <ClCompile Include="src\Math.cpp">
      <Filter>소스 파일</Filter>
    </ClCompile>
    <ClCompile Include="src\MoveComponent.cpp">
      <Filter>소스 파일</Filter>
    </ClCompile>
    <ClCompile Include="src\Random.cpp">
      <Filter>소스 파일</Filter>
    </ClCompile>
    <ClCompile Include="src\SpriteComponent.cpp">
      <Filter>소스 파일</Filter>
    </ClCompile>
    <ClCompile Include="src\CircleComponent.cpp">
      <Filter>소스 파일</Filter>
    </ClCompile>
    <ClCompile Include="example\Ship.cpp">
      <Filter>소스 파일\example\chatper2</Filter>
    </ClCompile>
    <ClCompile Include="example\ShipGame.cpp">
      <Filter>소스 파일\example\chatper2</Filter>
    </ClCompile>
    <ClCompile Include="example\Asteroid.cpp">
      <Filter>소스 파일\example\chapter3</Filter>
    </ClCompile>
    <ClCompile Include="example\AsteroidGame.cpp">
      <Filter>소스 파일\example\chapter3</Filter>
    </ClCompile>
    <ClCompile Include="example\Ship2.cpp">
      <Filter>소스 파일\example\chapter3</Filter>
    </ClCompile>
    <ClCompile Include="src\Laser.cpp">
      <Filter>소스 파일\example\chapter3</Filter>
    </ClCompile>
  </ItemGroup>
  <ItemGroup>
    <ClInclude Include="src\Actor.hpp">
      <Filter>헤더 파일</Filter>
    </ClInclude>
    <ClInclude Include="src\SpriteComponent.hpp">
      <Filter>헤더 파일</Filter>
    </ClInclude>
    <ClInclude Include="src\MoveComponent.hpp">
      <Filter>헤더 파일</Filter>
    </ClInclude>
    <ClInclude Include="src\Component.hpp">
      <Filter>헤더 파일</Filter>
    </ClInclude>
    <ClInclude Include="src\Random.hpp">
      <Filter>헤더 파일</Filter>
    </ClInclude>
    <ClInclude Include="src\Math.hpp">
      <Filter>헤더 파일</Filter>
    </ClInclude>
    <ClInclude Include="src\Game.hpp">
      <Filter>헤더 파일</Filter>
    </ClInclude>
    <ClInclude Include="src\InputComponent.hpp">
      <Filter>헤더 파일</Filter>
    </ClInclude>
    <ClInclude Include="src\BGSpriteComponent.hpp">
      <Filter>헤더 파일</Filter>
    </ClInclude>
    <ClInclude Include="src\AnimSpriteComponent.hpp">
      <Filter>헤더 파일</Filter>
    </ClInclude>
    <ClInclude Include="src\CircleComponent.hpp">
      <Filter>헤더 파일</Filter>
    </ClInclude>
    <ClInclude Include="example\Ship.hpp">
      <Filter>소스 파일\example\chatper2</Filter>
    </ClInclude>
    <ClInclude Include="example\ShipGame.hpp">
      <Filter>소스 파일\example\chatper2</Filter>
    </ClInclude>
    <ClInclude Include="example\Asteroid.hpp">
      <Filter>소스 파일\example\chapter3</Filter>
    </ClInclude>
    <ClInclude Include="example\AsteroidGame.hpp">
      <Filter>소스 파일\example\chapter3</Filter>
    </ClInclude>
    <ClInclude Include="example\Ship2.hpp">
      <Filter>소스 파일\example\chapter3</Filter>
    </ClInclude>
    <ClInclude Include="src\Laser.hpp">
      <Filter>소스 파일\example\chapter3</Filter>
    </ClInclude>
  </ItemGroup>
</Project>